
Microsoft Visual Studio Solution File, Format Version 12.00
# Visual Studio 15
VisualStudioVersion = 15.0.26730.16
MinimumVisualStudioVersion = 10.0.40219.1
Project("{FAE04EC0-301F-11D3-BF4B-00C04F79EFBC}") = "WindowsFormsApp1", "WindowsFormsApp1\WindowsFormsApp1.csproj", "{F8FA778E-D3BA-4B49-8549-31CE055E2DF5}"
EndProject
Global
	GlobalSection(SolutionConfigurationPlatforms) = preSolution
		Debug|Any CPU = Debug|Any CPU
		Release|Any CPU = Release|Any CPU
	EndGlobalSection
	GlobalSection(ProjectConfigurationPlatforms) = postSolution
		{F8FA778E-D3BA-4B49-8549-31CE055E2DF5}.Debug|Any CPU.ActiveCfg = Debug|Any CPU
		{F8FA778E-D3BA-4B49-8549-31CE055E2DF5}.Debug|Any CPU.Build.0 = Debug|Any CPU
		{F8FA778E-D3BA-4B49-8549-31CE055E2DF5}.Release|Any CPU.ActiveCfg = Release|Any CPU
		{F8FA778E-D3BA-4B49-8549-31CE055E2DF5}.Release|Any CPU.Build.0 = Release|Any CPU
	EndGlobalSection
	GlobalSection(SolutionProperties) = preSolution
		HideSolutionNode = FALSE
	EndGlobalSection
	GlobalSection(ExtensibilityGlobals) = postSolution
		SolutionGuid = {40AEAC32-3A80-495F-86FE-6869EF092B7D}
	EndGlobalSection
EndGlobal
